// !$*UTF8*$!
{
	archiveVersion = 1;
	classes = {
	};
	objectVersion = 46;
	objects = {

/* Begin PBXBuildFile section */
		D6074F8D1CCA52600046EC2C /* WalkViewController.m in Sources */ = {isa = PBXBuildFile; fileRef = D6074F8C1CCA52600046EC2C /* WalkViewController.m */; };
		D62529AD1CCE3D9200678CC9 /* WalkThroughCollectionViewCell.m in Sources */ = {isa = PBXBuildFile; fileRef = D62529AC1CCE3D9200678CC9 /* WalkThroughCollectionViewCell.m */; };
		D62529B01CCE438900678CC9 /* WalkThroughItem.m in Sources */ = {isa = PBXBuildFile; fileRef = D62529AF1CCE438900678CC9 /* WalkThroughItem.m */; };
		D62932DA1CEC87FD0063C669 /* MenuView.m in Sources */ = {isa = PBXBuildFile; fileRef = D62932D91CEC87FD0063C669 /* MenuView.m */; };
		D62932DC1CEC88550063C669 /* MenuView.xib in Resources */ = {isa = PBXBuildFile; fileRef = D62932DB1CEC88550063C669 /* MenuView.xib */; };
		D635D95E1CBE7212004C4BCF /* Pad.storyboard in Resources */ = {isa = PBXBuildFile; fileRef = D635D95D1CBE7212004C4BCF /* Pad.storyboard */; };
		D635D9651CBE74E3004C4BCF /* Interface.storyboard in Resources */ = {isa = PBXBuildFile; fileRef = D635D9631CBE74E3004C4BCF /* Interface.storyboard */; };
		D635D9671CBE74E3004C4BCF /* Assets.xcassets in Resources */ = {isa = PBXBuildFile; fileRef = D635D9661CBE74E3004C4BCF /* Assets.xcassets */; };
		D635D96E1CBE74E3004C4BCF /* ToDoWatch Extension.appex in Embed App Extensions */ = {isa = PBXBuildFile; fileRef = D635D96D1CBE74E3004C4BCF /* ToDoWatch Extension.appex */; settings = {ATTRIBUTES = (RemoveHeadersOnCopy, ); }; };
		D635D9761CBE74E3004C4BCF /* InterfaceController.m in Sources */ = {isa = PBXBuildFile; fileRef = D635D9751CBE74E3004C4BCF /* InterfaceController.m */; };
		D635D9791CBE74E3004C4BCF /* ExtensionDelegate.m in Sources */ = {isa = PBXBuildFile; fileRef = D635D9781CBE74E3004C4BCF /* ExtensionDelegate.m */; };
		D635D97C1CBE74E3004C4BCF /* NotificationController.m in Sources */ = {isa = PBXBuildFile; fileRef = D635D97B1CBE74E3004C4BCF /* NotificationController.m */; };
		D635D97E1CBE74E3004C4BCF /* Assets.xcassets in Resources */ = {isa = PBXBuildFile; fileRef = D635D97D1CBE74E3004C4BCF /* Assets.xcassets */; };
		D635D9821CBE74E3004C4BCF /* ToDoWatch.app in Embed Watch Content */ = {isa = PBXBuildFile; fileRef = D635D9611CBE74E3004C4BCF /* ToDoWatch.app */; };
		D63AF2211CC1178900E23A0A /* TaskTableViewCell.m in Sources */ = {isa = PBXBuildFile; fileRef = D63AF2201CC1178900E23A0A /* TaskTableViewCell.m */; };
		D650E73B1CAC06110026D3EF /* LogInViewController.m in Sources */ = {isa = PBXBuildFile; fileRef = D650E73A1CAC06110026D3EF /* LogInViewController.m */; };
		D650E73E1CAC08D60026D3EF /* SignUpViewController.m in Sources */ = {isa = PBXBuildFile; fileRef = D650E73D1CAC08D60026D3EF /* SignUpViewController.m */; };
		D677EC671CB7ED2000A5EE0E /* HomeViewController.m in Sources */ = {isa = PBXBuildFile; fileRef = D677EC661CB7ED2000A5EE0E /* HomeViewController.m */; };
		D689E0E41CDA1EF30032CFDB /* StatisticsViewController.m in Sources */ = {isa = PBXBuildFile; fileRef = D689E0E31CDA1EF30032CFDB /* StatisticsViewController.m */; };
		D689E0E71CDA2DC80032CFDB /* WebViewController.m in Sources */ = {isa = PBXBuildFile; fileRef = D689E0E61CDA2DC80032CFDB /* WebViewController.m */; };
		D6AC61231CA967AC006DC51F /* main.m in Sources */ = {isa = PBXBuildFile; fileRef = D6AC61221CA967AC006DC51F /* main.m */; };
		D6AC61261CA967AC006DC51F /* AppDelegate.m in Sources */ = {isa = PBXBuildFile; fileRef = D6AC61251CA967AC006DC51F /* AppDelegate.m */; };
		D6AC61291CA967AC006DC51F /* ViewController.m in Sources */ = {isa = PBXBuildFile; fileRef = D6AC61281CA967AC006DC51F /* ViewController.m */; };
		D6AC612F1CA967AC006DC51F /* ToDo.xcdatamodeld in Sources */ = {isa = PBXBuildFile; fileRef = D6AC612D1CA967AC006DC51F /* ToDo.xcdatamodeld */; };
		D6AC61311CA967AC006DC51F /* Assets.xcassets in Resources */ = {isa = PBXBuildFile; fileRef = D6AC61301CA967AC006DC51F /* Assets.xcassets */; };
		D6AC61341CA967AC006DC51F /* LaunchScreen.storyboard in Resources */ = {isa = PBXBuildFile; fileRef = D6AC61321CA967AC006DC51F /* LaunchScreen.storyboard */; };
		D6AC61411CA974C5006DC51F /* CoreLocation.framework in Frameworks */ = {isa = PBXBuildFile; fileRef = D6AC61401CA974C5006DC51F /* CoreLocation.framework */; };
		D6D61EDB1CB53F26006C5AE8 /* Main.storyboard in Resources */ = {isa = PBXBuildFile; fileRef = D6D61ED91CB53F26006C5AE8 /* Main.storyboard */; };
		D6D9E1CA1CE3575300074E1C /* Task+CoreDataProperties.m in Sources */ = {isa = PBXBuildFile; fileRef = D6D9E1C71CE3575300074E1C /* Task+CoreDataProperties.m */; };
		D6D9E1CB1CE3575300074E1C /* Task.m in Sources */ = {isa = PBXBuildFile; fileRef = D6D9E1C91CE3575300074E1C /* Task.m */; };
		D6D9E1D01CE35A4800074E1C /* DataManager.m in Sources */ = {isa = PBXBuildFile; fileRef = D6D9E1CF1CE35A4800074E1C /* DataManager.m */; };
		D6D9E1D21CE35B1E00074E1C /* MapKit.framework in Frameworks */ = {isa = PBXBuildFile; fileRef = D6D9E1D11CE35B1E00074E1C /* MapKit.framework */; };
		D6D9E1D41CE35B3300074E1C /* CoreData.framework in Frameworks */ = {isa = PBXBuildFile; fileRef = D6D9E1D31CE35B3300074E1C /* CoreData.framework */; };
/* End PBXBuildFile section */

/* Begin PBXContainerItemProxy section */
		D635D96F1CBE74E3004C4BCF /* PBXContainerItemProxy */ = {
			isa = PBXContainerItemProxy;
			containerPortal = D6AC61161CA967AC006DC51F /* Project object */;
			proxyType = 1;
			remoteGlobalIDString = D635D96C1CBE74E3004C4BCF;
			remoteInfo = "ToDoWatch Extension";
		};
		D635D9801CBE74E3004C4BCF /* PBXContainerItemProxy */ = {
			isa = PBXContainerItemProxy;
			containerPortal = D6AC61161CA967AC006DC51F /* Project object */;
			proxyType = 1;
			remoteGlobalIDString = D635D9601CBE74E3004C4BCF;
			remoteInfo = ToDoWatch;
		};
/* End PBXContainerItemProxy section */

/* Begin PBXCopyFilesBuildPhase section */
		D635D9861CBE74E3004C4BCF /* Embed App Extensions */ = {
			isa = PBXCopyFilesBuildPhase;
			buildActionMask = 2147483647;
			dstPath = "";
			dstSubfolderSpec = 13;
			files = (
				D635D96E1CBE74E3004C4BCF /* ToDoWatch Extension.appex in Embed App Extensions */,
			);
			name = "Embed App Extensions";
			runOnlyForDeploymentPostprocessing = 0;
		};
		D635D98A1CBE74E3004C4BCF /* Embed Watch Content */ = {
			isa = PBXCopyFilesBuildPhase;
			buildActionMask = 2147483647;
			dstPath = "$(CONTENTS_FOLDER_PATH)/Watch";
			dstSubfolderSpec = 16;
			files = (
				D635D9821CBE74E3004C4BCF /* ToDoWatch.app in Embed Watch Content */,
			);
			name = "Embed Watch Content";
			runOnlyForDeploymentPostprocessing = 0;
		};
/* End PBXCopyFilesBuildPhase section */

/* Begin PBXFileReference section */
		D6074F8B1CCA52600046EC2C /* WalkViewController.h */ = {isa = PBXFileReference; fileEncoding = 4; lastKnownFileType = sourcecode.c.h; path = WalkViewController.h; sourceTree = "<group>"; };
		D6074F8C1CCA52600046EC2C /* WalkViewController.m */ = {isa = PBXFileReference; fileEncoding = 4; lastKnownFileType = sourcecode.c.objc; path = WalkViewController.m; sourceTree = "<group>"; };
		D62529AB1CCE3D9200678CC9 /* WalkThroughCollectionViewCell.h */ = {isa = PBXFileReference; fileEncoding = 4; lastKnownFileType = sourcecode.c.h; path = WalkThroughCollectionViewCell.h; sourceTree = "<group>"; };
		D62529AC1CCE3D9200678CC9 /* WalkThroughCollectionViewCell.m */ = {isa = PBXFileReference; fileEncoding = 4; lastKnownFileType = sourcecode.c.objc; path = WalkThroughCollectionViewCell.m; sourceTree = "<group>"; };
		D62529AE1CCE438900678CC9 /* WalkThroughItem.h */ = {isa = PBXFileReference; fileEncoding = 4; lastKnownFileType = sourcecode.c.h; path = WalkThroughItem.h; sourceTree = "<group>"; };
		D62529AF1CCE438900678CC9 /* WalkThroughItem.m */ = {isa = PBXFileReference; fileEncoding = 4; lastKnownFileType = sourcecode.c.objc; path = WalkThroughItem.m; sourceTree = "<group>"; };
		D62932D81CEC87FD0063C669 /* MenuView.h */ = {isa = PBXFileReference; fileEncoding = 4; lastKnownFileType = sourcecode.c.h; path = MenuView.h; sourceTree = "<group>"; };
		D62932D91CEC87FD0063C669 /* MenuView.m */ = {isa = PBXFileReference; fileEncoding = 4; lastKnownFileType = sourcecode.c.objc; path = MenuView.m; sourceTree = "<group>"; };
		D62932DB1CEC88550063C669 /* MenuView.xib */ = {isa = PBXFileReference; fileEncoding = 4; lastKnownFileType = file.xib; path = MenuView.xib; sourceTree = "<group>"; };
		D635D95D1CBE7212004C4BCF /* Pad.storyboard */ = {isa = PBXFileReference; fileEncoding = 4; lastKnownFileType = file.storyboard; path = Pad.storyboard; sourceTree = "<group>"; };
		D635D9611CBE74E3004C4BCF /* ToDoWatch.app */ = {isa = PBXFileReference; explicitFileType = wrapper.application; includeInIndex = 0; path = ToDoWatch.app; sourceTree = BUILT_PRODUCTS_DIR; };
		D635D9641CBE74E3004C4BCF /* Base */ = {isa = PBXFileReference; lastKnownFileType = file.storyboard; name = Base; path = Base.lproj/Interface.storyboard; sourceTree = "<group>"; };
		D635D9661CBE74E3004C4BCF /* Assets.xcassets */ = {isa = PBXFileReference; lastKnownFileType = folder.assetcatalog; path = Assets.xcassets; sourceTree = "<group>"; };
		D635D9681CBE74E3004C4BCF /* Info.plist */ = {isa = PBXFileReference; lastKnownFileType = text.plist.xml; path = Info.plist; sourceTree = "<group>"; };
		D635D96D1CBE74E3004C4BCF /* ToDoWatch Extension.appex */ = {isa = PBXFileReference; explicitFileType = "wrapper.app-extension"; includeInIndex = 0; path = "ToDoWatch Extension.appex"; sourceTree = BUILT_PRODUCTS_DIR; };
		D635D9731CBE74E3004C4BCF /* PushNotificationPayload.apns */ = {isa = PBXFileReference; lastKnownFileType = text; path = PushNotificationPayload.apns; sourceTree = "<group>"; };
		D635D9741CBE74E3004C4BCF /* InterfaceController.h */ = {isa = PBXFileReference; lastKnownFileType = sourcecode.c.h; path = InterfaceController.h; sourceTree = "<group>"; };
		D635D9751CBE74E3004C4BCF /* InterfaceController.m */ = {isa = PBXFileReference; lastKnownFileType = sourcecode.c.objc; path = InterfaceController.m; sourceTree = "<group>"; };
		D635D9771CBE74E3004C4BCF /* ExtensionDelegate.h */ = {isa = PBXFileReference; lastKnownFileType = sourcecode.c.h; path = ExtensionDelegate.h; sourceTree = "<group>"; };
		D635D9781CBE74E3004C4BCF /* ExtensionDelegate.m */ = {isa = PBXFileReference; lastKnownFileType = sourcecode.c.objc; path = ExtensionDelegate.m; sourceTree = "<group>"; };
		D635D97A1CBE74E3004C4BCF /* NotificationController.h */ = {isa = PBXFileReference; lastKnownFileType = sourcecode.c.h; path = NotificationController.h; sourceTree = "<group>"; };
		D635D97B1CBE74E3004C4BCF /* NotificationController.m */ = {isa = PBXFileReference; lastKnownFileType = sourcecode.c.objc; path = NotificationController.m; sourceTree = "<group>"; };
		D635D97D1CBE74E3004C4BCF /* Assets.xcassets */ = {isa = PBXFileReference; lastKnownFileType = folder.assetcatalog; path = Assets.xcassets; sourceTree = "<group>"; };
		D635D97F1CBE74E3004C4BCF /* Info.plist */ = {isa = PBXFileReference; lastKnownFileType = text.plist.xml; path = Info.plist; sourceTree = "<group>"; };
		D63AF21F1CC1178900E23A0A /* TaskTableViewCell.h */ = {isa = PBXFileReference; fileEncoding = 4; lastKnownFileType = sourcecode.c.h; path = TaskTableViewCell.h; sourceTree = "<group>"; };
		D63AF2201CC1178900E23A0A /* TaskTableViewCell.m */ = {isa = PBXFileReference; fileEncoding = 4; lastKnownFileType = sourcecode.c.objc; path = TaskTableViewCell.m; sourceTree = "<group>"; };
		D63AF2221CC1184200E23A0A /* Constants.h */ = {isa = PBXFileReference; lastKnownFileType = sourcecode.c.h; path = Constants.h; sourceTree = "<group>"; };
		D650E7391CAC06110026D3EF /* LogInViewController.h */ = {isa = PBXFileReference; fileEncoding = 4; lastKnownFileType = sourcecode.c.h; path = LogInViewController.h; sourceTree = "<group>"; };
		D650E73A1CAC06110026D3EF /* LogInViewController.m */ = {isa = PBXFileReference; fileEncoding = 4; lastKnownFileType = sourcecode.c.objc; path = LogInViewController.m; sourceTree = "<group>"; };
		D650E73C1CAC08D60026D3EF /* SignUpViewController.h */ = {isa = PBXFileReference; fileEncoding = 4; lastKnownFileType = sourcecode.c.h; path = SignUpViewController.h; sourceTree = "<group>"; };
		D650E73D1CAC08D60026D3EF /* SignUpViewController.m */ = {isa = PBXFileReference; fileEncoding = 4; lastKnownFileType = sourcecode.c.objc; path = SignUpViewController.m; sourceTree = "<group>"; };
		D677EC651CB7ED2000A5EE0E /* HomeViewController.h */ = {isa = PBXFileReference; fileEncoding = 4; lastKnownFileType = sourcecode.c.h; path = HomeViewController.h; sourceTree = "<group>"; };
		D677EC661CB7ED2000A5EE0E /* HomeViewController.m */ = {isa = PBXFileReference; fileEncoding = 4; lastKnownFileType = sourcecode.c.objc; path = HomeViewController.m; sourceTree = "<group>"; };
		D689E0E21CDA1EF30032CFDB /* StatisticsViewController.h */ = {isa = PBXFileReference; fileEncoding = 4; lastKnownFileType = sourcecode.c.h; path = StatisticsViewController.h; sourceTree = "<group>"; };
		D689E0E31CDA1EF30032CFDB /* StatisticsViewController.m */ = {isa = PBXFileReference; fileEncoding = 4; lastKnownFileType = sourcecode.c.objc; path = StatisticsViewController.m; sourceTree = "<group>"; };
		D689E0E51CDA2DC80032CFDB /* WebViewController.h */ = {isa = PBXFileReference; fileEncoding = 4; lastKnownFileType = sourcecode.c.h; path = WebViewController.h; sourceTree = "<group>"; };
		D689E0E61CDA2DC80032CFDB /* WebViewController.m */ = {isa = PBXFileReference; fileEncoding = 4; lastKnownFileType = sourcecode.c.objc; path = WebViewController.m; sourceTree = "<group>"; };
		D689E0E81CDA35230032CFDB /* PrefixHeader.pch */ = {isa = PBXFileReference; lastKnownFileType = sourcecode.c.h; path = PrefixHeader.pch; sourceTree = "<group>"; };
		D6AC611E1CA967AC006DC51F /* ToDo.app */ = {isa = PBXFileReference; explicitFileType = wrapper.application; includeInIndex = 0; path = ToDo.app; sourceTree = BUILT_PRODUCTS_DIR; };
		D6AC61221CA967AC006DC51F /* main.m */ = {isa = PBXFileReference; lastKnownFileType = sourcecode.c.objc; path = main.m; sourceTree = "<group>"; };
		D6AC61241CA967AC006DC51F /* AppDelegate.h */ = {isa = PBXFileReference; lastKnownFileType = sourcecode.c.h; path = AppDelegate.h; sourceTree = "<group>"; };
		D6AC61251CA967AC006DC51F /* AppDelegate.m */ = {isa = PBXFileReference; lastKnownFileType = sourcecode.c.objc; path = AppDelegate.m; sourceTree = "<group>"; };
		D6AC61271CA967AC006DC51F /* ViewController.h */ = {isa = PBXFileReference; lastKnownFileType = sourcecode.c.h; path = ViewController.h; sourceTree = "<group>"; };
		D6AC61281CA967AC006DC51F /* ViewController.m */ = {isa = PBXFileReference; lastKnownFileType = sourcecode.c.objc; path = ViewController.m; sourceTree = "<group>"; };
		D6AC612E1CA967AC006DC51F /* ToDo.xcdatamodel */ = {isa = PBXFileReference; lastKnownFileType = wrapper.xcdatamodel; path = ToDo.xcdatamodel; sourceTree = "<group>"; };
		D6AC61301CA967AC006DC51F /* Assets.xcassets */ = {isa = PBXFileReference; lastKnownFileType = folder.assetcatalog; path = Assets.xcassets; sourceTree = "<group>"; };
		D6AC61331CA967AC006DC51F /* Base */ = {isa = PBXFileReference; lastKnownFileType = file.storyboard; name = Base; path = Base.lproj/LaunchScreen.storyboard; sourceTree = "<group>"; };
		D6AC61351CA967AC006DC51F /* Info.plist */ = {isa = PBXFileReference; lastKnownFileType = text.plist.xml; path = Info.plist; sourceTree = "<group>"; };
		D6AC61401CA974C5006DC51F /* CoreLocation.framework */ = {isa = PBXFileReference; lastKnownFileType = wrapper.framework; name = CoreLocation.framework; path = System/Library/Frameworks/CoreLocation.framework; sourceTree = SDKROOT; };
		D6D61EDA1CB53F26006C5AE8 /* Base */ = {isa = PBXFileReference; lastKnownFileType = file.storyboard; name = Base; path = Base.lproj/Main.storyboard; sourceTree = "<group>"; };
		D6D9E1C61CE3575300074E1C /* Task+CoreDataProperties.h */ = {isa = PBXFileReference; fileEncoding = 4; lastKnownFileType = sourcecode.c.h; name = "Task+CoreDataProperties.h"; path = "../Task+CoreDataProperties.h"; sourceTree = "<group>"; };
		D6D9E1C71CE3575300074E1C /* Task+CoreDataProperties.m */ = {isa = PBXFileReference; fileEncoding = 4; lastKnownFileType = sourcecode.c.objc; name = "Task+CoreDataProperties.m"; path = "../Task+CoreDataProperties.m"; sourceTree = "<group>"; };
		D6D9E1C81CE3575300074E1C /* Task.h */ = {isa = PBXFileReference; fileEncoding = 4; lastKnownFileType = sourcecode.c.h; name = Task.h; path = ../Task.h; sourceTree = "<group>"; };
		D6D9E1C91CE3575300074E1C /* Task.m */ = {isa = PBXFileReference; fileEncoding = 4; lastKnownFileType = sourcecode.c.objc; name = Task.m; path = ../Task.m; sourceTree = "<group>"; };
		D6D9E1CE1CE35A4800074E1C /* DataManager.h */ = {isa = PBXFileReference; fileEncoding = 4; lastKnownFileType = sourcecode.c.h; path = DataManager.h; sourceTree = "<group>"; };
		D6D9E1CF1CE35A4800074E1C /* DataManager.m */ = {isa = PBXFileReference; fileEncoding = 4; lastKnownFileType = sourcecode.c.objc; path = DataManager.m; sourceTree = "<group>"; };
		D6D9E1D11CE35B1E00074E1C /* MapKit.framework */ = {isa = PBXFileReference; lastKnownFileType = wrapper.framework; name = MapKit.framework; path = System/Library/Frameworks/MapKit.framework; sourceTree = SDKROOT; };
		D6D9E1D31CE35B3300074E1C /* CoreData.framework */ = {isa = PBXFileReference; lastKnownFileType = wrapper.framework; name = CoreData.framework; path = System/Library/Frameworks/CoreData.framework; sourceTree = SDKROOT; };
/* End PBXFileReference section */

/* Begin PBXFrameworksBuildPhase section */
		D635D96A1CBE74E3004C4BCF /* Frameworks */ = {
			isa = PBXFrameworksBuildPhase;
			buildActionMask = 2147483647;
			files = (
			);
			runOnlyForDeploymentPostprocessing = 0;
		};
		D6AC611B1CA967AC006DC51F /* Frameworks */ = {
			isa = PBXFrameworksBuildPhase;
			buildActionMask = 2147483647;
			files = (
				D6D9E1D41CE35B3300074E1C /* CoreData.framework in Frameworks */,
				D6AC61411CA974C5006DC51F /* CoreLocation.framework in Frameworks */,
				D6D9E1D21CE35B1E00074E1C /* MapKit.framework in Frameworks */,
			);
			runOnlyForDeploymentPostprocessing = 0;
		};
/* End PBXFrameworksBuildPhase section */

/* Begin PBXGroup section */
		D635D9621CBE74E3004C4BCF /* ToDoWatch */ = {
			isa = PBXGroup;
			children = (
				D635D9631CBE74E3004C4BCF /* Interface.storyboard */,
				D635D9661CBE74E3004C4BCF /* Assets.xcassets */,
				D635D9681CBE74E3004C4BCF /* Info.plist */,
			);
			path = ToDoWatch;
			sourceTree = "<group>";
		};
		D635D9711CBE74E3004C4BCF /* ToDoWatch Extension */ = {
			isa = PBXGroup;
			children = (
				D635D9741CBE74E3004C4BCF /* InterfaceController.h */,
				D635D9751CBE74E3004C4BCF /* InterfaceController.m */,
				D635D9771CBE74E3004C4BCF /* ExtensionDelegate.h */,
				D635D9781CBE74E3004C4BCF /* ExtensionDelegate.m */,
				D635D97A1CBE74E3004C4BCF /* NotificationController.h */,
				D635D97B1CBE74E3004C4BCF /* NotificationController.m */,
				D635D97D1CBE74E3004C4BCF /* Assets.xcassets */,
				D635D97F1CBE74E3004C4BCF /* Info.plist */,
				D635D9721CBE74E3004C4BCF /* Supporting Files */,
			);
			path = "ToDoWatch Extension";
			sourceTree = "<group>";
		};
		D635D9721CBE74E3004C4BCF /* Supporting Files */ = {
			isa = PBXGroup;
			children = (
				D635D9731CBE74E3004C4BCF /* PushNotificationPayload.apns */,
			);
			name = "Supporting Files";
			sourceTree = "<group>";
		};
		D6AC61151CA967AC006DC51F = {
			isa = PBXGroup;
			children = (
				D635D95D1CBE7212004C4BCF /* Pad.storyboard */,
				D6AC61201CA967AC006DC51F /* ToDo */,
				D635D9621CBE74E3004C4BCF /* ToDoWatch */,
				D635D9711CBE74E3004C4BCF /* ToDoWatch Extension */,
				D6AC613F1CA96C60006DC51F /* Frameworks */,
				D6AC611F1CA967AC006DC51F /* Products */,
			);
			sourceTree = "<group>";
		};
		D6AC611F1CA967AC006DC51F /* Products */ = {
			isa = PBXGroup;
			children = (
				D6AC611E1CA967AC006DC51F /* ToDo.app */,
				D635D9611CBE74E3004C4BCF /* ToDoWatch.app */,
				D635D96D1CBE74E3004C4BCF /* ToDoWatch Extension.appex */,
			);
			name = Products;
			sourceTree = "<group>";
		};
		D6AC61201CA967AC006DC51F /* ToDo */ = {
			isa = PBXGroup;
			children = (
				D6AC613D1CA96C2F006DC51F /* Controllers */,
				D6AC613E1CA96C3F006DC51F /* Views */,
				D6AC61211CA967AC006DC51F /* Supporting Files */,
			);
			path = ToDo;
			sourceTree = "<group>";
		};
		D6AC61211CA967AC006DC51F /* Supporting Files */ = {
			isa = PBXGroup;
			children = (
				D6AC613B1CA96B5A006DC51F /* Application Delegate */,
				D6AC61301CA967AC006DC51F /* Assets.xcassets */,
				D6AC61351CA967AC006DC51F /* Info.plist */,
				D6AC61221CA967AC006DC51F /* main.m */,
				D689E0E81CDA35230032CFDB /* PrefixHeader.pch */,
			);
			name = "Supporting Files";
			sourceTree = "<group>";
		};
		D6AC613B1CA96B5A006DC51F /* Application Delegate */ = {
			isa = PBXGroup;
			children = (
				D6AC61241CA967AC006DC51F /* AppDelegate.h */,
				D6AC61251CA967AC006DC51F /* AppDelegate.m */,
			);
			name = "Application Delegate";
			sourceTree = "<group>";
		};
		D6AC613C1CA96BF2006DC51F /* Models */ = {
			isa = PBXGroup;
			children = (
				D6AC612D1CA967AC006DC51F /* ToDo.xcdatamodeld */,
				D6D9E1C61CE3575300074E1C /* Task+CoreDataProperties.h */,
				D6D9E1C71CE3575300074E1C /* Task+CoreDataProperties.m */,
				D6D9E1C81CE3575300074E1C /* Task.h */,
				D6D9E1C91CE3575300074E1C /* Task.m */,
			);
			name = Models;
			sourceTree = "<group>";
		};
		D6AC613D1CA96C2F006DC51F /* Controllers */ = {
			isa = PBXGroup;
			children = (
				D6AC61271CA967AC006DC51F /* ViewController.h */,
				D6AC61281CA967AC006DC51F /* ViewController.m */,
				D650E7391CAC06110026D3EF /* LogInViewController.h */,
				D650E73A1CAC06110026D3EF /* LogInViewController.m */,
				D650E73C1CAC08D60026D3EF /* SignUpViewController.h */,
				D650E73D1CAC08D60026D3EF /* SignUpViewController.m */,
				D677EC651CB7ED2000A5EE0E /* HomeViewController.h */,
				D677EC661CB7ED2000A5EE0E /* HomeViewController.m */,
				D63AF21F1CC1178900E23A0A /* TaskTableViewCell.h */,
				D63AF2201CC1178900E23A0A /* TaskTableViewCell.m */,
				D6074F8B1CCA52600046EC2C /* WalkViewController.h */,
				D6074F8C1CCA52600046EC2C /* WalkViewController.m */,
				D62529AB1CCE3D9200678CC9 /* WalkThroughCollectionViewCell.h */,
				D62529AC1CCE3D9200678CC9 /* WalkThroughCollectionViewCell.m */,
				D62529AE1CCE438900678CC9 /* WalkThroughItem.h */,
				D62529AF1CCE438900678CC9 /* WalkThroughItem.m */,
				D689E0E21CDA1EF30032CFDB /* StatisticsViewController.h */,
				D689E0E31CDA1EF30032CFDB /* StatisticsViewController.m */,
				D689E0E51CDA2DC80032CFDB /* WebViewController.h */,
				D689E0E61CDA2DC80032CFDB /* WebViewController.m */,
				D63AF2221CC1184200E23A0A /* Constants.h */,
			);
			name = Controllers;
			sourceTree = "<group>";
		};
		D6AC613E1CA96C3F006DC51F /* Views */ = {
			isa = PBXGroup;
			children = (
				D62932D81CEC87FD0063C669 /* MenuView.h */,
				D62932D91CEC87FD0063C669 /* MenuView.m */,
				D62932DB1CEC88550063C669 /* MenuView.xib */,
				D6D9E1CD1CE35A2900074E1C /* Utilities */,
				D6AC613C1CA96BF2006DC51F /* Models */,
				D6D61ED91CB53F26006C5AE8 /* Main.storyboard */,
				D6AC61321CA967AC006DC51F /* LaunchScreen.storyboard */,
			);
			name = Views;
			sourceTree = "<group>";
		};
		D6AC613F1CA96C60006DC51F /* Frameworks */ = {
			isa = PBXGroup;
			children = (
				D6D9E1D31CE35B3300074E1C /* CoreData.framework */,
				D6D9E1D11CE35B1E00074E1C /* MapKit.framework */,
				D6AC61401CA974C5006DC51F /* CoreLocation.framework */,
			);
			name = Frameworks;
			sourceTree = "<group>";
		};
		D6D9E1CD1CE35A2900074E1C /* Utilities */ = {
			isa = PBXGroup;
			children = (
				D6D9E1CE1CE35A4800074E1C /* DataManager.h */,
				D6D9E1CF1CE35A4800074E1C /* DataManager.m */,
			);
			name = Utilities;
			sourceTree = "<group>";
		};
/* End PBXGroup section */

/* Begin PBXNativeTarget section */
		D635D9601CBE74E3004C4BCF /* ToDoWatch */ = {
			isa = PBXNativeTarget;
			buildConfigurationList = D635D9871CBE74E3004C4BCF /* Build configuration list for PBXNativeTarget "ToDoWatch" */;
			buildPhases = (
				D635D95F1CBE74E3004C4BCF /* Resources */,
				D635D9861CBE74E3004C4BCF /* Embed App Extensions */,
			);
			buildRules = (
			);
			dependencies = (
				D635D9701CBE74E3004C4BCF /* PBXTargetDependency */,
			);
			name = ToDoWatch;
			productName = ToDoWatch;
			productReference = D635D9611CBE74E3004C4BCF /* ToDoWatch.app */;
			productType = "com.apple.product-type.application.watchapp2";
		};
		D635D96C1CBE74E3004C4BCF /* ToDoWatch Extension */ = {
			isa = PBXNativeTarget;
			buildConfigurationList = D635D9831CBE74E3004C4BCF /* Build configuration list for PBXNativeTarget "ToDoWatch Extension" */;
			buildPhases = (
				D635D9691CBE74E3004C4BCF /* Sources */,
				D635D96A1CBE74E3004C4BCF /* Frameworks */,
				D635D96B1CBE74E3004C4BCF /* Resources */,
			);
			buildRules = (
			);
			dependencies = (
			);
			name = "ToDoWatch Extension";
			productName = "ToDoWatch Extension";
			productReference = D635D96D1CBE74E3004C4BCF /* ToDoWatch Extension.appex */;
			productType = "com.apple.product-type.watchkit2-extension";
		};
		D6AC611D1CA967AC006DC51F /* ToDo */ = {
			isa = PBXNativeTarget;
			buildConfigurationList = D6AC61381CA967AC006DC51F /* Build configuration list for PBXNativeTarget "ToDo" */;
			buildPhases = (
				D6AC611A1CA967AC006DC51F /* Sources */,
				D6AC611B1CA967AC006DC51F /* Frameworks */,
				D6AC611C1CA967AC006DC51F /* Resources */,
				D635D98A1CBE74E3004C4BCF /* Embed Watch Content */,
			);
			buildRules = (
			);
			dependencies = (
				D635D9811CBE74E3004C4BCF /* PBXTargetDependency */,
			);
			name = ToDo;
			productName = ToDo;
			productReference = D6AC611E1CA967AC006DC51F /* ToDo.app */;
			productType = "com.apple.product-type.application";
		};
/* End PBXNativeTarget section */

/* Begin PBXProject section */
		D6AC61161CA967AC006DC51F /* Project object */ = {
			isa = PBXProject;
			attributes = {
				LastUpgradeCheck = 0720;
				ORGANIZATIONNAME = "Cubes School 2";
				TargetAttributes = {
					D635D9601CBE74E3004C4BCF = {
						CreatedOnToolsVersion = 7.3;
					};
					D635D96C1CBE74E3004C4BCF = {
						CreatedOnToolsVersion = 7.3;
					};
					D6AC611D1CA967AC006DC51F = {
						CreatedOnToolsVersion = 7.2.1;
					};
				};
			};
			buildConfigurationList = D6AC61191CA967AC006DC51F /* Build configuration list for PBXProject "ToDo" */;
			compatibilityVersion = "Xcode 3.2";
			developmentRegion = English;
			hasScannedForEncodings = 0;
			knownRegions = (
				en,
				Base,
			);
			mainGroup = D6AC61151CA967AC006DC51F;
			productRefGroup = D6AC611F1CA967AC006DC51F /* Products */;
			projectDirPath = "";
			projectRoot = "";
			targets = (
				D6AC611D1CA967AC006DC51F /* ToDo */,
				D635D9601CBE74E3004C4BCF /* ToDoWatch */,
				D635D96C1CBE74E3004C4BCF /* ToDoWatch Extension */,
			);
		};
/* End PBXProject section */

/* Begin PBXResourcesBuildPhase section */
		D635D95F1CBE74E3004C4BCF /* Resources */ = {
			isa = PBXResourcesBuildPhase;
			buildActionMask = 2147483647;
			files = (
				D635D9671CBE74E3004C4BCF /* Assets.xcassets in Resources */,
				D635D9651CBE74E3004C4BCF /* Interface.storyboard in Resources */,
			);
			runOnlyForDeploymentPostprocessing = 0;
		};
		D635D96B1CBE74E3004C4BCF /* Resources */ = {
			isa = PBXResourcesBuildPhase;
			buildActionMask = 2147483647;
			files = (
				D635D97E1CBE74E3004C4BCF /* Assets.xcassets in Resources */,
			);
			runOnlyForDeploymentPostprocessing = 0;
		};
		D6AC611C1CA967AC006DC51F /* Resources */ = {
			isa = PBXResourcesBuildPhase;
			buildActionMask = 2147483647;
			files = (
				D6D61EDB1CB53F26006C5AE8 /* Main.storyboard in Resources */,
				D6AC61341CA967AC006DC51F /* LaunchScreen.storyboard in Resources */,
				D62932DC1CEC88550063C669 /* MenuView.xib in Resources */,
				D635D95E1CBE7212004C4BCF /* Pad.storyboard in Resources */,
				D6AC61311CA967AC006DC51F /* Assets.xcassets in Resources */,
			);
			runOnlyForDeploymentPostprocessing = 0;
		};
/* End PBXResourcesBuildPhase section */

/* Begin PBXSourcesBuildPhase section */
		D635D9691CBE74E3004C4BCF /* Sources */ = {
			isa = PBXSourcesBuildPhase;
			buildActionMask = 2147483647;
			files = (
				D635D9791CBE74E3004C4BCF /* ExtensionDelegate.m in Sources */,
				D635D9761CBE74E3004C4BCF /* InterfaceController.m in Sources */,
				D635D97C1CBE74E3004C4BCF /* NotificationController.m in Sources */,
			);
			runOnlyForDeploymentPostprocessing = 0;
		};
		D6AC611A1CA967AC006DC51F /* Sources */ = {
			isa = PBXSourcesBuildPhase;
			buildActionMask = 2147483647;
			files = (
				D6AC61291CA967AC006DC51F /* ViewController.m in Sources */,
				D6AC61261CA967AC006DC51F /* AppDelegate.m in Sources */,
				D6D9E1CA1CE3575300074E1C /* Task+CoreDataProperties.m in Sources */,
				D650E73E1CAC08D60026D3EF /* SignUpViewController.m in Sources */,
				D689E0E41CDA1EF30032CFDB /* StatisticsViewController.m in Sources */,
				D62932DA1CEC87FD0063C669 /* MenuView.m in Sources */,
				D650E73B1CAC06110026D3EF /* LogInViewController.m in Sources */,
				D6074F8D1CCA52600046EC2C /* WalkViewController.m in Sources */,
				D689E0E71CDA2DC80032CFDB /* WebViewController.m in Sources */,
				D63AF2211CC1178900E23A0A /* TaskTableViewCell.m in Sources */,
				D6AC61231CA967AC006DC51F /* main.m in Sources */,
				D6D9E1CB1CE3575300074E1C /* Task.m in Sources */,
				D62529B01CCE438900678CC9 /* WalkThroughItem.m in Sources */,
				D677EC671CB7ED2000A5EE0E /* HomeViewController.m in Sources */,
				D6D9E1D01CE35A4800074E1C /* DataManager.m in Sources */,
				D6AC612F1CA967AC006DC51F /* ToDo.xcdatamodeld in Sources */,
				D62529AD1CCE3D9200678CC9 /* WalkThroughCollectionViewCell.m in Sources */,
			);
			runOnlyForDeploymentPostprocessing = 0;
		};
/* End PBXSourcesBuildPhase section */

/* Begin PBXTargetDependency section */
		D635D9701CBE74E3004C4BCF /* PBXTargetDependency */ = {
			isa = PBXTargetDependency;
			target = D635D96C1CBE74E3004C4BCF /* ToDoWatch Extension */;
			targetProxy = D635D96F1CBE74E3004C4BCF /* PBXContainerItemProxy */;
		};
		D635D9811CBE74E3004C4BCF /* PBXTargetDependency */ = {
			isa = PBXTargetDependency;
			target = D635D9601CBE74E3004C4BCF /* ToDoWatch */;
			targetProxy = D635D9801CBE74E3004C4BCF /* PBXContainerItemProxy */;
		};
/* End PBXTargetDependency section */

/* Begin PBXVariantGroup section */
		D635D9631CBE74E3004C4BCF /* Interface.storyboard */ = {
			isa = PBXVariantGroup;
			children = (
				D635D9641CBE74E3004C4BCF /* Base */,
			);
			name = Interface.storyboard;
			sourceTree = "<group>";
		};
		D6AC61321CA967AC006DC51F /* LaunchScreen.storyboard */ = {
			isa = PBXVariantGroup;
			children = (
				D6AC61331CA967AC006DC51F /* Base */,
			);
			name = LaunchScreen.storyboard;
			sourceTree = "<group>";
		};
		D6D61ED91CB53F26006C5AE8 /* Main.storyboard */ = {
			isa = PBXVariantGroup;
			children = (
				D6D61EDA1CB53F26006C5AE8 /* Base */,
			);
			name = Main.storyboard;
			sourceTree = "<group>";
		};
/* End PBXVariantGroup section */

/* Begin XCBuildConfiguration section */
		D635D9841CBE74E3004C4BCF /* Debug */ = {
			isa = XCBuildConfiguration;
			buildSettings = {
				CLANG_ANALYZER_NONNULL = YES;
				INFOPLIST_FILE = "ToDoWatch Extension/Info.plist";
				LD_RUNPATH_SEARCH_PATHS = "$(inherited) @executable_path/Frameworks @executable_path/../../Frameworks";
				PRODUCT_BUNDLE_IDENTIFIER = rs.cubes.ToDo.watchkitapp.watchkitextension;
				PRODUCT_NAME = "${TARGET_NAME}";
				SDKROOT = watchos;
				SKIP_INSTALL = YES;
				TARGETED_DEVICE_FAMILY = 4;
				WATCHOS_DEPLOYMENT_TARGET = 2.2;
			};
			name = Debug;
		};
		D635D9851CBE74E3004C4BCF /* Release */ = {
			isa = XCBuildConfiguration;
			buildSettings = {
				CLANG_ANALYZER_NONNULL = YES;
				INFOPLIST_FILE = "ToDoWatch Extension/Info.plist";
				LD_RUNPATH_SEARCH_PATHS = "$(inherited) @executable_path/Frameworks @executable_path/../../Frameworks";
				PRODUCT_BUNDLE_IDENTIFIER = rs.cubes.ToDo.watchkitapp.watchkitextension;
				PRODUCT_NAME = "${TARGET_NAME}";
				SDKROOT = watchos;
				SKIP_INSTALL = YES;
				TARGETED_DEVICE_FAMILY = 4;
				WATCHOS_DEPLOYMENT_TARGET = 2.2;
			};
			name = Release;
		};
		D635D9881CBE74E3004C4BCF /* Debug */ = {
			isa = XCBuildConfiguration;
			buildSettings = {
				ASSETCATALOG_COMPILER_APPICON_NAME = AppIcon;
				CLANG_ANALYZER_NONNULL = YES;
				IBSC_MODULE = ToDoWatch_Extension;
				INFOPLIST_FILE = ToDoWatch/Info.plist;
				PRODUCT_BUNDLE_IDENTIFIER = rs.cubes.ToDo.watchkitapp;
				PRODUCT_NAME = "$(TARGET_NAME)";
				SDKROOT = watchos;
				SKIP_INSTALL = YES;
				TARGETED_DEVICE_FAMILY = 4;
				WATCHOS_DEPLOYMENT_TARGET = 2.2;
			};
			name = Debug;
		};
		D635D9891CBE74E3004C4BCF /* Release */ = {
			isa = XCBuildConfiguration;
			buildSettings = {
				ASSETCATALOG_COMPILER_APPICON_NAME = AppIcon;
				CLANG_ANALYZER_NONNULL = YES;
				IBSC_MODULE = ToDoWatch_Extension;
				INFOPLIST_FILE = ToDoWatch/Info.plist;
				PRODUCT_BUNDLE_IDENTIFIER = rs.cubes.ToDo.watchkitapp;
				PRODUCT_NAME = "$(TARGET_NAME)";
				SDKROOT = watchos;
				SKIP_INSTALL = YES;
				TARGETED_DEVICE_FAMILY = 4;
				WATCHOS_DEPLOYMENT_TARGET = 2.2;
			};
			name = Release;
		};
		D6AC61361CA967AC006DC51F /* Debug */ = {
			isa = XCBuildConfiguration;
			buildSettings = {
				ALWAYS_SEARCH_USER_PATHS = NO;
				CLANG_CXX_LANGUAGE_STANDARD = "gnu++0x";
				CLANG_CXX_LIBRARY = "libc++";
				CLANG_ENABLE_MODULES = YES;
				CLANG_ENABLE_OBJC_ARC = YES;
				CLANG_WARN_BOOL_CONVERSION = YES;
				CLANG_WARN_CONSTANT_CONVERSION = YES;
				CLANG_WARN_DIRECT_OBJC_ISA_USAGE = YES_ERROR;
				CLANG_WARN_EMPTY_BODY = YES;
				CLANG_WARN_ENUM_CONVERSION = YES;
				CLANG_WARN_INT_CONVERSION = YES;
				CLANG_WARN_OBJC_ROOT_CLASS = YES_ERROR;
				CLANG_WARN_UNREACHABLE_CODE = YES;
				CLANG_WARN__DUPLICATE_METHOD_MATCH = YES;
				"CODE_SIGN_IDENTITY[sdk=iphoneos*]" = "iPhone Developer";
				COPY_PHASE_STRIP = NO;
				DEBUG_INFORMATION_FORMAT = dwarf;
				ENABLE_STRICT_OBJC_MSGSEND = YES;
				ENABLE_TESTABILITY = YES;
				GCC_C_LANGUAGE_STANDARD = gnu99;
				GCC_DYNAMIC_NO_PIC = NO;
				GCC_NO_COMMON_BLOCKS = YES;
				GCC_OPTIMIZATION_LEVEL = 0;
				GCC_PREPROCESSOR_DEFINITIONS = (
					"DEBUG=1",
					"$(inherited)",
				);
				GCC_WARN_64_TO_32_BIT_CONVERSION = YES;
				GCC_WARN_ABOUT_RETURN_TYPE = YES_ERROR;
				GCC_WARN_UNDECLARED_SELECTOR = YES;
				GCC_WARN_UNINITIALIZED_AUTOS = YES_AGGRESSIVE;
				GCC_WARN_UNUSED_FUNCTION = YES;
				GCC_WARN_UNUSED_VARIABLE = YES;
				IPHONEOS_DEPLOYMENT_TARGET = 9.2;
				MTL_ENABLE_DEBUG_INFO = YES;
				ONLY_ACTIVE_ARCH = YES;
				SDKROOT = iphoneos;
			};
			name = Debug;
		};
		D6AC61371CA967AC006DC51F /* Release */ = {
			isa = XCBuildConfiguration;
			buildSettings = {
				ALWAYS_SEARCH_USER_PATHS = NO;
				CLANG_CXX_LANGUAGE_STANDARD = "gnu++0x";
				CLANG_CXX_LIBRARY = "libc++";
				CLANG_ENABLE_MODULES = YES;
				CLANG_ENABLE_OBJC_ARC = YES;
				CLANG_WARN_BOOL_CONVERSION = YES;
				CLANG_WARN_CONSTANT_CONVERSION = YES;
				CLANG_WARN_DIRECT_OBJC_ISA_USAGE = YES_ERROR;
				CLANG_WARN_EMPTY_BODY = YES;
				CLANG_WARN_ENUM_CONVERSION = YES;
				CLANG_WARN_INT_CONVERSION = YES;
				CLANG_WARN_OBJC_ROOT_CLASS = YES_ERROR;
				CLANG_WARN_UNREACHABLE_CODE = YES;
				CLANG_WARN__DUPLICATE_METHOD_MATCH = YES;
				"CODE_SIGN_IDENTITY[sdk=iphoneos*]" = "iPhone Developer";
				COPY_PHASE_STRIP = NO;
				DEBUG_INFORMATION_FORMAT = "dwarf-with-dsym";
				ENABLE_NS_ASSERTIONS = NO;
				ENABLE_STRICT_OBJC_MSGSEND = YES;
				GCC_C_LANGUAGE_STANDARD = gnu99;
				GCC_NO_COMMON_BLOCKS = YES;
				GCC_WARN_64_TO_32_BIT_CONVERSION = YES;
				GCC_WARN_ABOUT_RETURN_TYPE = YES_ERROR;
				GCC_WARN_UNDECLARED_SELECTOR = YES;
				GCC_WARN_UNINITIALIZED_AUTOS = YES_AGGRESSIVE;
				GCC_WARN_UNUSED_FUNCTION = YES;
				GCC_WARN_UNUSED_VARIABLE = YES;
				IPHONEOS_DEPLOYMENT_TARGET = 9.2;
				MTL_ENABLE_DEBUG_INFO = NO;
				SDKROOT = iphoneos;
				VALIDATE_PRODUCT = YES;
			};
			name = Release;
		};
		D6AC61391CA967AC006DC51F /* Debug */ = {
			isa = XCBuildConfiguration;
			buildSettings = {
				ASSETCATALOG_COMPILER_APPICON_NAME = AppIcon;
				ASSETCATALOG_COMPILER_LAUNCHIMAGE_NAME = "Brand Assets";
				GCC_PREFIX_HEADER = $PROJECT_NAME/PrefixHeader.pch;
				INFOPLIST_FILE = ToDo/Info.plist;
				LD_RUNPATH_SEARCH_PATHS = "$(inherited) @executable_path/Frameworks";
				PRODUCT_BUNDLE_IDENTIFIER = rs.cubes.ToDo;
				PRODUCT_NAME = "$(TARGET_NAME)";
				TARGETED_DEVICE_FAMILY = "1,2";
			};
			name = Debug;
		};
		D6AC613A1CA967AC006DC51F /* Release */ = {
			isa = XCBuildConfiguration;
			buildSettings = {
				ASSETCATALOG_COMPILER_APPICON_NAME = AppIcon;
				ASSETCATALOG_COMPILER_LAUNCHIMAGE_NAME = "Brand Assets";
				GCC_PREFIX_HEADER = $PROJECT_NAME/PrefixHeader.pch;
				INFOPLIST_FILE = ToDo/Info.plist;
				LD_RUNPATH_SEARCH_PATHS = "$(inherited) @executable_path/Frameworks";
				PRODUCT_BUNDLE_IDENTIFIER = rs.cubes.ToDo;
				PRODUCT_NAME = "$(TARGET_NAME)";
				TARGETED_DEVICE_FAMILY = "1,2";
			};
			name = Release;
		};
/* End XCBuildConfiguration section */

/* Begin XCConfigurationList section */
		D635D9831CBE74E3004C4BCF /* Build configuration list for PBXNativeTarget "ToDoWatch Extension" */ = {
			isa = XCConfigurationList;
			buildConfigurations = (
				D635D9841CBE74E3004C4BCF /* Debug */,
				D635D9851CBE74E3004C4BCF /* Release */,
			);
			defaultConfigurationIsVisible = 0;
			defaultConfigurationName = Release;
		};
		D635D9871CBE74E3004C4BCF /* Build configuration list for PBXNativeTarget "ToDoWatch" */ = {
			isa = XCConfigurationList;
			buildConfigurations = (
				D635D9881CBE74E3004C4BCF /* Debug */,
				D635D9891CBE74E3004C4BCF /* Release */,
			);
			defaultConfigurationIsVisible = 0;
			defaultConfigurationName = Release;
		};
		D6AC61191CA967AC006DC51F /* Build configuration list for PBXProject "ToDo" */ = {
			isa = XCConfigurationList;
			buildConfigurations = (
				D6AC61361CA967AC006DC51F /* Debug */,
				D6AC61371CA967AC006DC51F /* Release */,
			);
			defaultConfigurationIsVisible = 0;
			defaultConfigurationName = Release;
		};
		D6AC61381CA967AC006DC51F /* Build configuration list for PBXNativeTarget "ToDo" */ = {
			isa = XCConfigurationList;
			buildConfigurations = (
				D6AC61391CA967AC006DC51F /* Debug */,
				D6AC613A1CA967AC006DC51F /* Release */,
			);
			defaultConfigurationIsVisible = 0;
			defaultConfigurationName = Release;
		};
/* End XCConfigurationList section */

/* Begin XCVersionGroup section */
		D6AC612D1CA967AC006DC51F /* ToDo.xcdatamodeld */ = {
			isa = XCVersionGroup;
			children = (
				D6AC612E1CA967AC006DC51F /* ToDo.xcdatamodel */,
			);
			currentVersion = D6AC612E1CA967AC006DC51F /* ToDo.xcdatamodel */;
			path = ToDo.xcdatamodeld;
			sourceTree = "<group>";
			versionGroupType = wrapper.xcdatamodel;
		};
/* End XCVersionGroup section */
	};
	rootObject = D6AC61161CA967AC006DC51F /* Project object */;
}
